
Microsoft Visual Studio Solution File, Format Version 12.00
# Visual Studio Version 17
VisualStudioVersion = 17.1.32414.318
MinimumVisualStudioVersion = 10.0.40219.1
Project("{9A19103F-16F7-4668-BE54-9A1E7A4F7556}") = "DashBoardAPI", "DashBoardAPI\DashBoardAPI.csproj", "{23A190A8-3D76-4AAF-9C5B-48BF176CC94E}"
EndProject
Project("{9A19103F-16F7-4668-BE54-9A1E7A4F7556}") = "DashBoardDAL", "DashBoardDB\DashBoardDAL.csproj", "{45E8D0BD-CC55-4C33-BBA5-AD767601DE5D}"
EndProject
Project("{9A19103F-16F7-4668-BE54-9A1E7A4F7556}") = "BLL", "BLL\BLL.csproj", "{7287B2C2-6D09-4C76-9EDF-72F8E7365A08}"
EndProject
Project("{FAE04EC0-301F-11D3-BF4B-00C04F79EFBC}") = "JwtBehavior", "JwtBehavior\JwtBehavior.csproj", "{2BB218BF-EFF5-45A0-BF53-5BCFF1E92134}"
EndProject
Global
	GlobalSection(SolutionConfigurationPlatforms) = preSolution
		Debug|Any CPU = Debug|Any CPU
		Release|Any CPU = Release|Any CPU
	EndGlobalSection
	GlobalSection(ProjectConfigurationPlatforms) = postSolution
		{23A190A8-3D76-4AAF-9C5B-48BF176CC94E}.Debug|Any CPU.ActiveCfg = Debug|Any CPU
		{23A190A8-3D76-4AAF-9C5B-48BF176CC94E}.Debug|Any CPU.Build.0 = Debug|Any CPU
		{23A190A8-3D76-4AAF-9C5B-48BF176CC94E}.Release|Any CPU.ActiveCfg = Release|Any CPU
		{23A190A8-3D76-4AAF-9C5B-48BF176CC94E}.Release|Any CPU.Build.0 = Release|Any CPU
		{45E8D0BD-CC55-4C33-BBA5-AD767601DE5D}.Debug|Any CPU.ActiveCfg = Debug|Any CPU
		{45E8D0BD-CC55-4C33-BBA5-AD767601DE5D}.Debug|Any CPU.Build.0 = Debug|Any CPU
		{45E8D0BD-CC55-4C33-BBA5-AD767601DE5D}.Release|Any CPU.ActiveCfg = Release|Any CPU
		{45E8D0BD-CC55-4C33-BBA5-AD767601DE5D}.Release|Any CPU.Build.0 = Release|Any CPU
		{7287B2C2-6D09-4C76-9EDF-72F8E7365A08}.Debug|Any CPU.ActiveCfg = Debug|Any CPU
		{7287B2C2-6D09-4C76-9EDF-72F8E7365A08}.Debug|Any CPU.Build.0 = Debug|Any CPU
		{7287B2C2-6D09-4C76-9EDF-72F8E7365A08}.Release|Any CPU.ActiveCfg = Release|Any CPU
		{7287B2C2-6D09-4C76-9EDF-72F8E7365A08}.Release|Any CPU.Build.0 = Release|Any CPU
		{2BB218BF-EFF5-45A0-BF53-5BCFF1E92134}.Debug|Any CPU.ActiveCfg = Debug|Any CPU
		{2BB218BF-EFF5-45A0-BF53-5BCFF1E92134}.Debug|Any CPU.Build.0 = Debug|Any CPU
		{2BB218BF-EFF5-45A0-BF53-5BCFF1E92134}.Release|Any CPU.ActiveCfg = Release|Any CPU
		{2BB218BF-EFF5-45A0-BF53-5BCFF1E92134}.Release|Any CPU.Build.0 = Release|Any CPU
	EndGlobalSection
	GlobalSection(SolutionProperties) = preSolution
		HideSolutionNode = FALSE
	EndGlobalSection
	GlobalSection(ExtensibilityGlobals) = postSolution
		SolutionGuid = {6B4EE8B8-5FA9-4FD9-813E-D86609EC1997}
	EndGlobalSection
EndGlobal
